// !$*UTF8*$!
{
	archiveVersion = 1;
	classes = {
	};
	objectVersion = 55;
	objects = {

/* Begin PBXBuildFile section */
		5B7FAA4B2832FC9F00D455EB /* BLEManager.swift in Sources */ = {isa = PBXBuildFile; fileRef = 5B7FAA492832FC9F00D455EB /* BLEManager.swift */; };
		5B7FAA4C2832FC9F00D455EB /* SensorModel.swift in Sources */ = {isa = PBXBuildFile; fileRef = 5B7FAA4A2832FC9F00D455EB /* SensorModel.swift */; };
		5BD10DD02832D16600907A71 /* SuperBallScene.swift in Sources */ = {isa = PBXBuildFile; fileRef = 5BD10DCF2832D16600907A71 /* SuperBallScene.swift */; };
		5BD10DD22832D20A00907A71 /* SuperBallModel.swift in Sources */ = {isa = PBXBuildFile; fileRef = 5BD10DD12832D20A00907A71 /* SuperBallModel.swift */; };
		5BD10DD42832D42C00907A71 /* SceneManager.swift in Sources */ = {isa = PBXBuildFile; fileRef = 5BD10DD32832D42C00907A71 /* SceneManager.swift */; };
		5BE0C0F428330465006236ED /* MyScene.sks in Resources */ = {isa = PBXBuildFile; fileRef = 5BE0C0F328330465006236ED /* MyScene.sks */; };
		5BE0C0F628330DE2006236ED /* ModalView.swift in Sources */ = {isa = PBXBuildFile; fileRef = 5BE0C0F528330DE2006236ED /* ModalView.swift */; };
		EE0A3B4F28381BF3009C115F /* GameManager.swift in Sources */ = {isa = PBXBuildFile; fileRef = EE0A3B4E28381BF3009C115F /* GameManager.swift */; };
		EE0A3B5128381E79009C115F /* ColorTween.swift in Sources */ = {isa = PBXBuildFile; fileRef = EE0A3B5028381E79009C115F /* ColorTween.swift */; };
		EE0A3B5328381E90009C115F /* FirewallModel.swift in Sources */ = {isa = PBXBuildFile; fileRef = EE0A3B5228381E90009C115F /* FirewallModel.swift */; };
		EE600001283C0D340051799C /* NavigationStack in Frameworks */ = {isa = PBXBuildFile; productRef = EE600000283C0D340051799C /* NavigationStack */; };
		EE600003283C13EB0051799C /* ScoreboardView.swift in Sources */ = {isa = PBXBuildFile; fileRef = EE600002283C13EB0051799C /* ScoreboardView.swift */; };
		EE600005283C1F380051799C /* EndGameView.swift in Sources */ = {isa = PBXBuildFile; fileRef = EE600004283C1F380051799C /* EndGameView.swift */; };
		EE600009283C33170051799C /* GameService.swift in Sources */ = {isa = PBXBuildFile; fileRef = EE600008283C33170051799C /* GameService.swift */; };
		EE60FFFC283BF8570051799C /* MenuView.swift in Sources */ = {isa = PBXBuildFile; fileRef = EE60FFFB283BF8570051799C /* MenuView.swift */; };
		EE60FFFE283C03EB0051799C /* CircleView.swift in Sources */ = {isa = PBXBuildFile; fileRef = EE60FFFD283C03EB0051799C /* CircleView.swift */; };
		EE6AB435283575B300276C9F /* GameView.swift in Sources */ = {isa = PBXBuildFile; fileRef = EE6AB434283575B300276C9F /* GameView.swift */; };
		EE6AB437283575F000276C9F /* GameScene.swift in Sources */ = {isa = PBXBuildFile; fileRef = EE6AB436283575F000276C9F /* GameScene.swift */; };
		EE6AB4392835793D00276C9F /* Utils.swift in Sources */ = {isa = PBXBuildFile; fileRef = EE6AB4382835793D00276C9F /* Utils.swift */; };
		EE866F582832CEA90003CA9C /* BalanceBoardApp.swift in Sources */ = {isa = PBXBuildFile; fileRef = EE866F572832CEA90003CA9C /* BalanceBoardApp.swift */; };
		EE866F5A2832CEA90003CA9C /* ContentView.swift in Sources */ = {isa = PBXBuildFile; fileRef = EE866F592832CEA90003CA9C /* ContentView.swift */; };
		EE866F5C2832CEAA0003CA9C /* Assets.xcassets in Resources */ = {isa = PBXBuildFile; fileRef = EE866F5B2832CEAA0003CA9C /* Assets.xcassets */; };
		EE866F5F2832CEAA0003CA9C /* Preview Assets.xcassets in Resources */ = {isa = PBXBuildFile; fileRef = EE866F5E2832CEAA0003CA9C /* Preview Assets.xcassets */; };
/* End PBXBuildFile section */

/* Begin PBXFileReference section */
		5B7FAA492832FC9F00D455EB /* BLEManager.swift */ = {isa = PBXFileReference; fileEncoding = 4; lastKnownFileType = sourcecode.swift; path = BLEManager.swift; sourceTree = "<group>"; };
		5B7FAA4A2832FC9F00D455EB /* SensorModel.swift */ = {isa = PBXFileReference; fileEncoding = 4; lastKnownFileType = sourcecode.swift; path = SensorModel.swift; sourceTree = "<group>"; };
		5BD10DCF2832D16600907A71 /* SuperBallScene.swift */ = {isa = PBXFileReference; lastKnownFileType = sourcecode.swift; path = SuperBallScene.swift; sourceTree = "<group>"; };
		5BD10DD12832D20A00907A71 /* SuperBallModel.swift */ = {isa = PBXFileReference; lastKnownFileType = sourcecode.swift; path = SuperBallModel.swift; sourceTree = "<group>"; };
		5BD10DD32832D42C00907A71 /* SceneManager.swift */ = {isa = PBXFileReference; lastKnownFileType = sourcecode.swift; path = SceneManager.swift; sourceTree = "<group>"; };
		5BE0C0F328330465006236ED /* MyScene.sks */ = {isa = PBXFileReference; lastKnownFileType = file.sks; path = MyScene.sks; sourceTree = "<group>"; };
		5BE0C0F528330DE2006236ED /* ModalView.swift */ = {isa = PBXFileReference; lastKnownFileType = sourcecode.swift; path = ModalView.swift; sourceTree = "<group>"; };
		EE0A3B4E28381BF3009C115F /* GameManager.swift */ = {isa = PBXFileReference; lastKnownFileType = sourcecode.swift; path = GameManager.swift; sourceTree = "<group>"; };
		EE0A3B5028381E79009C115F /* ColorTween.swift */ = {isa = PBXFileReference; lastKnownFileType = sourcecode.swift; path = ColorTween.swift; sourceTree = "<group>"; };
		EE0A3B5228381E90009C115F /* FirewallModel.swift */ = {isa = PBXFileReference; lastKnownFileType = sourcecode.swift; path = FirewallModel.swift; sourceTree = "<group>"; };
		EE600002283C13EB0051799C /* ScoreboardView.swift */ = {isa = PBXFileReference; lastKnownFileType = sourcecode.swift; path = ScoreboardView.swift; sourceTree = "<group>"; };
		EE600004283C1F380051799C /* EndGameView.swift */ = {isa = PBXFileReference; lastKnownFileType = sourcecode.swift; path = EndGameView.swift; sourceTree = "<group>"; };
		EE600008283C33170051799C /* GameService.swift */ = {isa = PBXFileReference; lastKnownFileType = sourcecode.swift; path = GameService.swift; sourceTree = "<group>"; };
		EE60000A283C336D0051799C /* BalanceBoard.entitlements */ = {isa = PBXFileReference; lastKnownFileType = text.plist.entitlements; path = BalanceBoard.entitlements; sourceTree = "<group>"; };
		EE60FFFB283BF8570051799C /* MenuView.swift */ = {isa = PBXFileReference; lastKnownFileType = sourcecode.swift; path = MenuView.swift; sourceTree = "<group>"; };
		EE60FFFD283C03EB0051799C /* CircleView.swift */ = {isa = PBXFileReference; lastKnownFileType = sourcecode.swift; path = CircleView.swift; sourceTree = "<group>"; };
		EE6AB434283575B300276C9F /* GameView.swift */ = {isa = PBXFileReference; lastKnownFileType = sourcecode.swift; path = GameView.swift; sourceTree = "<group>"; };
		EE6AB436283575F000276C9F /* GameScene.swift */ = {isa = PBXFileReference; lastKnownFileType = sourcecode.swift; path = GameScene.swift; sourceTree = "<group>"; };
		EE6AB4382835793D00276C9F /* Utils.swift */ = {isa = PBXFileReference; lastKnownFileType = sourcecode.swift; path = Utils.swift; sourceTree = "<group>"; };
		EE866F542832CEA90003CA9C /* BalanceBoard.app */ = {isa = PBXFileReference; explicitFileType = wrapper.application; includeInIndex = 0; path = BalanceBoard.app; sourceTree = BUILT_PRODUCTS_DIR; };
		EE866F572832CEA90003CA9C /* BalanceBoardApp.swift */ = {isa = PBXFileReference; lastKnownFileType = sourcecode.swift; path = BalanceBoardApp.swift; sourceTree = "<group>"; };
		EE866F592832CEA90003CA9C /* ContentView.swift */ = {isa = PBXFileReference; lastKnownFileType = sourcecode.swift; path = ContentView.swift; sourceTree = "<group>"; };
		EE866F5B2832CEAA0003CA9C /* Assets.xcassets */ = {isa = PBXFileReference; lastKnownFileType = folder.assetcatalog; path = Assets.xcassets; sourceTree = "<group>"; };
		EE866F5E2832CEAA0003CA9C /* Preview Assets.xcassets */ = {isa = PBXFileReference; lastKnownFileType = folder.assetcatalog; path = "Preview Assets.xcassets"; sourceTree = "<group>"; };
		EEE7C87A2836CC5B009D0624 /* Info.plist */ = {isa = PBXFileReference; lastKnownFileType = text.plist; path = Info.plist; sourceTree = "<group>"; };
/* End PBXFileReference section */

/* Begin PBXFrameworksBuildPhase section */
		EE866F512832CEA90003CA9C /* Frameworks */ = {
			isa = PBXFrameworksBuildPhase;
			buildActionMask = 2147483647;
			files = (
				EE600001283C0D340051799C /* NavigationStack in Frameworks */,
			);
			runOnlyForDeploymentPostprocessing = 0;
		};
/* End PBXFrameworksBuildPhase section */

/* Begin PBXGroup section */
		EE0A3B4D28381BD6009C115F /* GameView */ = {
			isa = PBXGroup;
			children = (
				EE6AB434283575B300276C9F /* GameView.swift */,
				EE6AB436283575F000276C9F /* GameScene.swift */,
				EE0A3B4E28381BF3009C115F /* GameManager.swift */,
				EE0A3B5228381E90009C115F /* FirewallModel.swift */,
				EE600002283C13EB0051799C /* ScoreboardView.swift */,
				EE600004283C1F380051799C /* EndGameView.swift */,
			);
			path = GameView;
			sourceTree = "<group>";
		};
		EE60FFFA283BF83A0051799C /* MenuView */ = {
			isa = PBXGroup;
			children = (
				EE60FFFB283BF8570051799C /* MenuView.swift */,
				EE60FFFD283C03EB0051799C /* CircleView.swift */,
			);
			path = MenuView;
			sourceTree = "<group>";
		};
		EE866F4B2832CEA90003CA9C = {
			isa = PBXGroup;
			children = (
				EE0A3B5028381E79009C115F /* ColorTween.swift */,
				EE866F562832CEA90003CA9C /* BalanceBoard */,
				EE866F552832CEA90003CA9C /* Products */,
			);
			sourceTree = "<group>";
		};
		EE866F552832CEA90003CA9C /* Products */ = {
			isa = PBXGroup;
			children = (
				EE866F542832CEA90003CA9C /* BalanceBoard.app */,
			);
			name = Products;
			sourceTree = "<group>";
		};
		EE866F562832CEA90003CA9C /* BalanceBoard */ = {
			isa = PBXGroup;
			children = (
				EE60000A283C336D0051799C /* BalanceBoard.entitlements */,
				EE60FFFA283BF83A0051799C /* MenuView */,
				EE0A3B4D28381BD6009C115F /* GameView */,
				EEE7C87A2836CC5B009D0624 /* Info.plist */,
				5BE0C0F328330465006236ED /* MyScene.sks */,
				5BE0C0F528330DE2006236ED /* ModalView.swift */,
				5BD10DD32832D42C00907A71 /* SceneManager.swift */,
				EE866F572832CEA90003CA9C /* BalanceBoardApp.swift */,
				EE866F592832CEA90003CA9C /* ContentView.swift */,
				EE866F5B2832CEAA0003CA9C /* Assets.xcassets */,
				EE866F5D2832CEAA0003CA9C /* Preview Content */,
				5BD10DCF2832D16600907A71 /* SuperBallScene.swift */,
				5BD10DD12832D20A00907A71 /* SuperBallModel.swift */,
				5B7FAA492832FC9F00D455EB /* BLEManager.swift */,
				5B7FAA4A2832FC9F00D455EB /* SensorModel.swift */,
				EE6AB4382835793D00276C9F /* Utils.swift */,
				EE600008283C33170051799C /* GameService.swift */,
			);
			path = BalanceBoard;
			sourceTree = "<group>";
		};
		EE866F5D2832CEAA0003CA9C /* Preview Content */ = {
			isa = PBXGroup;
			children = (
				EE866F5E2832CEAA0003CA9C /* Preview Assets.xcassets */,
			);
			path = "Preview Content";
			sourceTree = "<group>";
		};
/* End PBXGroup section */

/* Begin PBXNativeTarget section */
		EE866F532832CEA90003CA9C /* BalanceBoard */ = {
			isa = PBXNativeTarget;
			buildConfigurationList = EE866F622832CEAA0003CA9C /* Build configuration list for PBXNativeTarget "BalanceBoard" */;
			buildPhases = (
				EE866F502832CEA90003CA9C /* Sources */,
				EE866F512832CEA90003CA9C /* Frameworks */,
				EE866F522832CEA90003CA9C /* Resources */,
			);
			buildRules = (
			);
			dependencies = (
			);
			name = BalanceBoard;
			packageProductDependencies = (
				EE600000283C0D340051799C /* NavigationStack */,
			);
			productName = BalanceBoard;
			productReference = EE866F542832CEA90003CA9C /* BalanceBoard.app */;
			productType = "com.apple.product-type.application";
		};
/* End PBXNativeTarget section */

/* Begin PBXProject section */
		EE866F4C2832CEA90003CA9C /* Project object */ = {
			isa = PBXProject;
			attributes = {
				BuildIndependentTargetsInParallel = 1;
				LastSwiftUpdateCheck = 1330;
				LastUpgradeCheck = 1330;
				TargetAttributes = {
					EE866F532832CEA90003CA9C = {
						CreatedOnToolsVersion = 13.3.1;
					};
				};
			};
			buildConfigurationList = EE866F4F2832CEA90003CA9C /* Build configuration list for PBXProject "BalanceBoard" */;
			compatibilityVersion = "Xcode 13.0";
			developmentRegion = en;
			hasScannedForEncodings = 0;
			knownRegions = (
				en,
				Base,
			);
			mainGroup = EE866F4B2832CEA90003CA9C;
			packageReferences = (
				EE60FFFF283C0D340051799C /* XCRemoteSwiftPackageReference "swiftui-navigation-stack" */,
			);
			productRefGroup = EE866F552832CEA90003CA9C /* Products */;
			projectDirPath = "";
			projectRoot = "";
			targets = (
				EE866F532832CEA90003CA9C /* BalanceBoard */,
			);
		};
/* End PBXProject section */

/* Begin PBXResourcesBuildPhase section */
		EE866F522832CEA90003CA9C /* Resources */ = {
			isa = PBXResourcesBuildPhase;
			buildActionMask = 2147483647;
			files = (
				EE866F5F2832CEAA0003CA9C /* Preview Assets.xcassets in Resources */,
				5BE0C0F428330465006236ED /* MyScene.sks in Resources */,
				EE866F5C2832CEAA0003CA9C /* Assets.xcassets in Resources */,
			);
			runOnlyForDeploymentPostprocessing = 0;
		};
/* End PBXResourcesBuildPhase section */

/* Begin PBXSourcesBuildPhase section */
		EE866F502832CEA90003CA9C /* Sources */ = {
			isa = PBXSourcesBuildPhase;
			buildActionMask = 2147483647;
			files = (
				EE6AB437283575F000276C9F /* GameScene.swift in Sources */,
				EE0A3B4F28381BF3009C115F /* GameManager.swift in Sources */,
				EE866F5A2832CEA90003CA9C /* ContentView.swift in Sources */,
				5B7FAA4C2832FC9F00D455EB /* SensorModel.swift in Sources */,
				EE600003283C13EB0051799C /* ScoreboardView.swift in Sources */,
				5BE0C0F628330DE2006236ED /* ModalView.swift in Sources */,
				EE600009283C33170051799C /* GameService.swift in Sources */,
				EE0A3B5328381E90009C115F /* FirewallModel.swift in Sources */,
				EE0A3B5128381E79009C115F /* ColorTween.swift in Sources */,
				5B7FAA4B2832FC9F00D455EB /* BLEManager.swift in Sources */,
				EE60FFFE283C03EB0051799C /* CircleView.swift in Sources */,
				EE600005283C1F380051799C /* EndGameView.swift in Sources */,
				EE6AB435283575B300276C9F /* GameView.swift in Sources */,
				5BD10DD02832D16600907A71 /* SuperBallScene.swift in Sources */,
				EE60FFFC283BF8570051799C /* MenuView.swift in Sources */,
				EE6AB4392835793D00276C9F /* Utils.swift in Sources */,
				5BD10DD42832D42C00907A71 /* SceneManager.swift in Sources */,
				5BD10DD22832D20A00907A71 /* SuperBallModel.swift in Sources */,
				EE866F582832CEA90003CA9C /* BalanceBoardApp.swift in Sources */,
			);
			runOnlyForDeploymentPostprocessing = 0;
		};
/* End PBXSourcesBuildPhase section */

/* Begin XCBuildConfiguration section */
		EE866F602832CEAA0003CA9C /* Debug */ = {
			isa = XCBuildConfiguration;
			buildSettings = {
				ALWAYS_SEARCH_USER_PATHS = NO;
				CLANG_ANALYZER_NONNULL = YES;
				CLANG_ANALYZER_NUMBER_OBJECT_CONVERSION = YES_AGGRESSIVE;
				CLANG_CXX_LANGUAGE_STANDARD = "gnu++17";
				CLANG_ENABLE_MODULES = YES;
				CLANG_ENABLE_OBJC_ARC = YES;
				CLANG_ENABLE_OBJC_WEAK = YES;
				CLANG_WARN_BLOCK_CAPTURE_AUTORELEASING = YES;
				CLANG_WARN_BOOL_CONVERSION = YES;
				CLANG_WARN_COMMA = YES;
				CLANG_WARN_CONSTANT_CONVERSION = YES;
				CLANG_WARN_DEPRECATED_OBJC_IMPLEMENTATIONS = YES;
				CLANG_WARN_DIRECT_OBJC_ISA_USAGE = YES_ERROR;
				CLANG_WARN_DOCUMENTATION_COMMENTS = YES;
				CLANG_WARN_EMPTY_BODY = YES;
				CLANG_WARN_ENUM_CONVERSION = YES;
				CLANG_WARN_INFINITE_RECURSION = YES;
				CLANG_WARN_INT_CONVERSION = YES;
				CLANG_WARN_NON_LITERAL_NULL_CONVERSION = YES;
				CLANG_WARN_OBJC_IMPLICIT_RETAIN_SELF = YES;
				CLANG_WARN_OBJC_LITERAL_CONVERSION = YES;
				CLANG_WARN_OBJC_ROOT_CLASS = YES_ERROR;
				CLANG_WARN_QUOTED_INCLUDE_IN_FRAMEWORK_HEADER = YES;
				CLANG_WARN_RANGE_LOOP_ANALYSIS = YES;
				CLANG_WARN_STRICT_PROTOTYPES = YES;
				CLANG_WARN_SUSPICIOUS_MOVE = YES;
				CLANG_WARN_UNGUARDED_AVAILABILITY = YES_AGGRESSIVE;
				CLANG_WARN_UNREACHABLE_CODE = YES;
				CLANG_WARN__DUPLICATE_METHOD_MATCH = YES;
				COPY_PHASE_STRIP = NO;
				DEBUG_INFORMATION_FORMAT = dwarf;
				ENABLE_STRICT_OBJC_MSGSEND = YES;
				ENABLE_TESTABILITY = YES;
				GCC_C_LANGUAGE_STANDARD = gnu11;
				GCC_DYNAMIC_NO_PIC = NO;
				GCC_NO_COMMON_BLOCKS = YES;
				GCC_OPTIMIZATION_LEVEL = 0;
				GCC_PREPROCESSOR_DEFINITIONS = (
					"DEBUG=1",
					"$(inherited)",
				);
				GCC_WARN_64_TO_32_BIT_CONVERSION = YES;
				GCC_WARN_ABOUT_RETURN_TYPE = YES_ERROR;
				GCC_WARN_UNDECLARED_SELECTOR = YES;
				GCC_WARN_UNINITIALIZED_AUTOS = YES_AGGRESSIVE;
				GCC_WARN_UNUSED_FUNCTION = YES;
				GCC_WARN_UNUSED_VARIABLE = YES;
				IPHONEOS_DEPLOYMENT_TARGET = 15.0;
				MTL_ENABLE_DEBUG_INFO = INCLUDE_SOURCE;
				MTL_FAST_MATH = YES;
				ONLY_ACTIVE_ARCH = YES;
				SDKROOT = iphoneos;
				SWIFT_ACTIVE_COMPILATION_CONDITIONS = DEBUG;
				SWIFT_OPTIMIZATION_LEVEL = "-Onone";
			};
			name = Debug;
		};
		EE866F612832CEAA0003CA9C /* Release */ = {
			isa = XCBuildConfiguration;
			buildSettings = {
				ALWAYS_SEARCH_USER_PATHS = NO;
				CLANG_ANALYZER_NONNULL = YES;
				CLANG_ANALYZER_NUMBER_OBJECT_CONVERSION = YES_AGGRESSIVE;
				CLANG_CXX_LANGUAGE_STANDARD = "gnu++17";
				CLANG_ENABLE_MODULES = YES;
				CLANG_ENABLE_OBJC_ARC = YES;
				CLANG_ENABLE_OBJC_WEAK = YES;
				CLANG_WARN_BLOCK_CAPTURE_AUTORELEASING = YES;
				CLANG_WARN_BOOL_CONVERSION = YES;
				CLANG_WARN_COMMA = YES;
				CLANG_WARN_CONSTANT_CONVERSION = YES;
				CLANG_WARN_DEPRECATED_OBJC_IMPLEMENTATIONS = YES;
				CLANG_WARN_DIRECT_OBJC_ISA_USAGE = YES_ERROR;
				CLANG_WARN_DOCUMENTATION_COMMENTS = YES;
				CLANG_WARN_EMPTY_BODY = YES;
				CLANG_WARN_ENUM_CONVERSION = YES;
				CLANG_WARN_INFINITE_RECURSION = YES;
				CLANG_WARN_INT_CONVERSION = YES;
				CLANG_WARN_NON_LITERAL_NULL_CONVERSION = YES;
				CLANG_WARN_OBJC_IMPLICIT_RETAIN_SELF = YES;
				CLANG_WARN_OBJC_LITERAL_CONVERSION = YES;
				CLANG_WARN_OBJC_ROOT_CLASS = YES_ERROR;
				CLANG_WARN_QUOTED_INCLUDE_IN_FRAMEWORK_HEADER = YES;
				CLANG_WARN_RANGE_LOOP_ANALYSIS = YES;
				CLANG_WARN_STRICT_PROTOTYPES = YES;
				CLANG_WARN_SUSPICIOUS_MOVE = YES;
				CLANG_WARN_UNGUARDED_AVAILABILITY = YES_AGGRESSIVE;
				CLANG_WARN_UNREACHABLE_CODE = YES;
				CLANG_WARN__DUPLICATE_METHOD_MATCH = YES;
				COPY_PHASE_STRIP = NO;
				DEBUG_INFORMATION_FORMAT = "dwarf-with-dsym";
				ENABLE_NS_ASSERTIONS = NO;
				ENABLE_STRICT_OBJC_MSGSEND = YES;
				GCC_C_LANGUAGE_STANDARD = gnu11;
				GCC_NO_COMMON_BLOCKS = YES;
				GCC_WARN_64_TO_32_BIT_CONVERSION = YES;
				GCC_WARN_ABOUT_RETURN_TYPE = YES_ERROR;
				GCC_WARN_UNDECLARED_SELECTOR = YES;
				GCC_WARN_UNINITIALIZED_AUTOS = YES_AGGRESSIVE;
				GCC_WARN_UNUSED_FUNCTION = YES;
				GCC_WARN_UNUSED_VARIABLE = YES;
				IPHONEOS_DEPLOYMENT_TARGET = 15.0;
				MTL_ENABLE_DEBUG_INFO = NO;
				MTL_FAST_MATH = YES;
				SDKROOT = iphoneos;
				SWIFT_COMPILATION_MODE = wholemodule;
				SWIFT_OPTIMIZATION_LEVEL = "-O";
				VALIDATE_PRODUCT = YES;
			};
			name = Release;
		};
		EE866F632832CEAA0003CA9C /* Debug */ = {
			isa = XCBuildConfiguration;
			buildSettings = {
				ASSETCATALOG_COMPILER_APPICON_NAME = AppIcon;
				ASSETCATALOG_COMPILER_GLOBAL_ACCENT_COLOR_NAME = AccentColor;
				CODE_SIGN_ENTITLEMENTS = BalanceBoard/BalanceBoard.entitlements;
				CODE_SIGN_STYLE = Automatic;
				CURRENT_PROJECT_VERSION = 1;
				DEVELOPMENT_ASSET_PATHS = "\"BalanceBoard/Preview Content\"";
				DEVELOPMENT_TEAM = LP3UHZ556W;
				ENABLE_PREVIEWS = YES;
				GENERATE_INFOPLIST_FILE = YES;
				INFOPLIST_FILE = BalanceBoard/Info.plist;
				INFOPLIST_KEY_CFBundleDisplayName = GER;
				INFOPLIST_KEY_NSBluetoothAlwaysUsageDescription = "Precisamos da permissão do bluetooth para conectar nos sensores";
				INFOPLIST_KEY_UIApplicationSceneManifest_Generation = YES;
				INFOPLIST_KEY_UIApplicationSupportsIndirectInputEvents = YES;
				INFOPLIST_KEY_UILaunchScreen_Generation = YES;
				INFOPLIST_KEY_UISupportedInterfaceOrientations = "UIInterfaceOrientationLandscapeLeft UIInterfaceOrientationLandscapeRight";
				INFOPLIST_KEY_UISupportedInterfaceOrientations_iPad = "UIInterfaceOrientationLandscapeLeft UIInterfaceOrientationLandscapeRight";
				INFOPLIST_KEY_UISupportedInterfaceOrientations_iPhone = "UIInterfaceOrientationPortrait UIInterfaceOrientationLandscapeLeft UIInterfaceOrientationLandscapeRight";
				IPHONEOS_DEPLOYMENT_TARGET = 15.0;
				LD_RUNPATH_SEARCH_PATHS = (
					"$(inherited)",
					"@executable_path/Frameworks",
				);
				MARKETING_VERSION = 0.1.0;
				PRODUCT_BUNDLE_IDENTIFIER = com.phcs.GER;
				PRODUCT_NAME = "$(TARGET_NAME)";
				SWIFT_EMIT_LOC_STRINGS = YES;
				SWIFT_VERSION = 5.0;
				TARGETED_DEVICE_FAMILY = 2;
			};
			name = Debug;
		};
		EE866F642832CEAA0003CA9C /* Release */ = {
			isa = XCBuildConfiguration;
			buildSettings = {
				ASSETCATALOG_COMPILER_APPICON_NAME = AppIcon;
				ASSETCATALOG_COMPILER_GLOBAL_ACCENT_COLOR_NAME = AccentColor;
				CODE_SIGN_ENTITLEMENTS = BalanceBoard/BalanceBoard.entitlements;
				CODE_SIGN_STYLE = Automatic;
				CURRENT_PROJECT_VERSION = 1;
				DEVELOPMENT_ASSET_PATHS = "\"BalanceBoard/Preview Content\"";
				DEVELOPMENT_TEAM = LP3UHZ556W;
				ENABLE_PREVIEWS = YES;
				GENERATE_INFOPLIST_FILE = YES;
				INFOPLIST_FILE = BalanceBoard/Info.plist;
				INFOPLIST_KEY_CFBundleDisplayName = GER;
				INFOPLIST_KEY_NSBluetoothAlwaysUsageDescription = "Precisamos da permissão do bluetooth para conectar nos sensores";
				INFOPLIST_KEY_UIApplicationSceneManifest_Generation = YES;
				INFOPLIST_KEY_UIApplicationSupportsIndirectInputEvents = YES;
				INFOPLIST_KEY_UILaunchScreen_Generation = YES;
				INFOPLIST_KEY_UISupportedInterfaceOrientations = "UIInterfaceOrientationLandscapeLeft UIInterfaceOrientationLandscapeRight";
				INFOPLIST_KEY_UISupportedInterfaceOrientations_iPad = "UIInterfaceOrientationLandscapeLeft UIInterfaceOrientationLandscapeRight";
				INFOPLIST_KEY_UISupportedInterfaceOrientations_iPhone = "UIInterfaceOrientationPortrait UIInterfaceOrientationLandscapeLeft UIInterfaceOrientationLandscapeRight";
				IPHONEOS_DEPLOYMENT_TARGET = 15.0;
				LD_RUNPATH_SEARCH_PATHS = (
					"$(inherited)",
					"@executable_path/Frameworks",
				);
				MARKETING_VERSION = 0.1.0;
				PRODUCT_BUNDLE_IDENTIFIER = com.phcs.GER;
				PRODUCT_NAME = "$(TARGET_NAME)";
				SWIFT_EMIT_LOC_STRINGS = YES;
				SWIFT_VERSION = 5.0;
				TARGETED_DEVICE_FAMILY = 2;
			};
			name = Release;
		};
/* End XCBuildConfiguration section */

/* Begin XCConfigurationList section */
		EE866F4F2832CEA90003CA9C /* Build configuration list for PBXProject "BalanceBoard" */ = {
			isa = XCConfigurationList;
			buildConfigurations = (
				EE866F602832CEAA0003CA9C /* Debug */,
				EE866F612832CEAA0003CA9C /* Release */,
			);
			defaultConfigurationIsVisible = 0;
			defaultConfigurationName = Release;
		};
		EE866F622832CEAA0003CA9C /* Build configuration list for PBXNativeTarget "BalanceBoard" */ = {
			isa = XCConfigurationList;
			buildConfigurations = (
				EE866F632832CEAA0003CA9C /* Debug */,
				EE866F642832CEAA0003CA9C /* Release */,
			);
			defaultConfigurationIsVisible = 0;
			defaultConfigurationName = Release;
		};
/* End XCConfigurationList section */

/* Begin XCRemoteSwiftPackageReference section */
		EE60FFFF283C0D340051799C /* XCRemoteSwiftPackageReference "swiftui-navigation-stack" */ = {
			isa = XCRemoteSwiftPackageReference;
			repositoryURL = "https://github.com/matteopuc/swiftui-navigation-stack.git";
			requirement = {
				kind = upToNextMajorVersion;
				minimumVersion = 1.0.0;
			};
		};
/* End XCRemoteSwiftPackageReference section */

/* Begin XCSwiftPackageProductDependency section */
		EE600000283C0D340051799C /* NavigationStack */ = {
			isa = XCSwiftPackageProductDependency;
			package = EE60FFFF283C0D340051799C /* XCRemoteSwiftPackageReference "swiftui-navigation-stack" */;
			productName = NavigationStack;
		};
/* End XCSwiftPackageProductDependency section */
	};
	rootObject = EE866F4C2832CEA90003CA9C /* Project object */;
}
